
Microsoft Visual Studio Solution File, Format Version 12.00
# Visual Studio Version 16
VisualStudioVersion = 16.0.30002.166
MinimumVisualStudioVersion = 10.0.40219.1
Project("{9A19103F-16F7-4668-BE54-9A1E7A4F7556}") = "GremlinRepl", "GremlinRepl.csproj", "{8AC1E8BB-1FCE-467B-A109-B2063F84B8DB}"
EndProject
Global
	GlobalSection(SolutionConfigurationPlatforms) = preSolution
		Debug|Any CPU = Debug|Any CPU
		Release|Any CPU = Release|Any CPU
	EndGlobalSection
	GlobalSection(ProjectConfigurationPlatforms) = postSolution
		{8AC1E8BB-1FCE-467B-A109-B2063F84B8DB}.Debug|Any CPU.ActiveCfg = Debug|Any CPU
		{8AC1E8BB-1FCE-467B-A109-B2063F84B8DB}.Debug|Any CPU.Build.0 = Debug|Any CPU
		{8AC1E8BB-1FCE-467B-A109-B2063F84B8DB}.Release|Any CPU.ActiveCfg = Release|Any CPU
		{8AC1E8BB-1FCE-467B-A109-B2063F84B8DB}.Release|Any CPU.Build.0 = Release|Any CPU
	EndGlobalSection
	GlobalSection(SolutionProperties) = preSolution
		HideSolutionNode = FALSE
	EndGlobalSection
	GlobalSection(ExtensibilityGlobals) = postSolution
		SolutionGuid = {58A5AD56-92A5-452B-B839-4C4B645C2EDD}
	EndGlobalSection
EndGlobal
